// !$*UTF8*$!
{
	archiveVersion = 1;
	classes = {
	};
	objectVersion = 56;
	objects = {

/* Begin PBXBuildFile section */
		FC0B90312B8F7291004459B9 /* ViewModel.swift in Sources */ = {isa = PBXBuildFile; fileRef = FC0B90302B8F7291004459B9 /* ViewModel.swift */; };
		FC0B90342B8F791D004459B9 /* MainScreenCoordinator.swift in Sources */ = {isa = PBXBuildFile; fileRef = FC0B90332B8F791D004459B9 /* MainScreenCoordinator.swift */; };
		FC0B90362B8F7AA8004459B9 /* ViewModelKey.swift in Sources */ = {isa = PBXBuildFile; fileRef = FC0B90352B8F7AA8004459B9 /* ViewModelKey.swift */; };
		FC0B903A2B8F7FB2004459B9 /* PostViewController.swift in Sources */ = {isa = PBXBuildFile; fileRef = FC0B90392B8F7FB2004459B9 /* PostViewController.swift */; };
		FC0B903D2B8FA5FC004459B9 /* TimeInterval.swift in Sources */ = {isa = PBXBuildFile; fileRef = FC0B903C2B8FA5FC004459B9 /* TimeInterval.swift */; };
		FC101F022B8E013000DCD1CF /* PostsListModel.swift in Sources */ = {isa = PBXBuildFile; fileRef = FC101F012B8E013000DCD1CF /* PostsListModel.swift */; };
		FC101F052B8E02BD00DCD1CF /* PostViewCell.swift in Sources */ = {isa = PBXBuildFile; fileRef = FC101F042B8E02BD00DCD1CF /* PostViewCell.swift */; };
		FC101F082B8E35D800DCD1CF /* NetworkError.swift in Sources */ = {isa = PBXBuildFile; fileRef = FC101F072B8E35D800DCD1CF /* NetworkError.swift */; };
		FC101F0A2B8E38BF00DCD1CF /* RequestMethod.swift in Sources */ = {isa = PBXBuildFile; fileRef = FC101F092B8E38BF00DCD1CF /* RequestMethod.swift */; };
		FC101F0C2B8E3A0E00DCD1CF /* Endpoint.swift in Sources */ = {isa = PBXBuildFile; fileRef = FC101F0B2B8E3A0E00DCD1CF /* Endpoint.swift */; };
		FC101F0E2B8E3C5D00DCD1CF /* NetworkHTTPClient.swift in Sources */ = {isa = PBXBuildFile; fileRef = FC101F0D2B8E3C5D00DCD1CF /* NetworkHTTPClient.swift */; };
		FC101F102B8E475F00DCD1CF /* NetworkService.swift in Sources */ = {isa = PBXBuildFile; fileRef = FC101F0F2B8E475F00DCD1CF /* NetworkService.swift */; };
		FC101F142B8E4C3700DCD1CF /* NetworkServiceKey.swift in Sources */ = {isa = PBXBuildFile; fileRef = FC101F132B8E4C3700DCD1CF /* NetworkServiceKey.swift */; };
		FCFB80CD2B8C8B270061804A /* AppDelegate.swift in Sources */ = {isa = PBXBuildFile; fileRef = FCFB80CC2B8C8B270061804A /* AppDelegate.swift */; };
		FCFB80CF2B8C8B270061804A /* SceneDelegate.swift in Sources */ = {isa = PBXBuildFile; fileRef = FCFB80CE2B8C8B270061804A /* SceneDelegate.swift */; };
		FCFB80D62B8C8B2A0061804A /* Assets.xcassets in Resources */ = {isa = PBXBuildFile; fileRef = FCFB80D52B8C8B2A0061804A /* Assets.xcassets */; };
		FCFB80D92B8C8B2A0061804A /* LaunchScreen.storyboard in Resources */ = {isa = PBXBuildFile; fileRef = FCFB80D72B8C8B2A0061804A /* LaunchScreen.storyboard */; };
		FCFB80E32B8C8D5E0061804A /* Coordinator.swift in Sources */ = {isa = PBXBuildFile; fileRef = FCFB80E22B8C8D5E0061804A /* Coordinator.swift */; };
		FCFB80E62B8C95180061804A /* AppCoordinator.swift in Sources */ = {isa = PBXBuildFile; fileRef = FCFB80E52B8C95180061804A /* AppCoordinator.swift */; };
		FCFD87062B8CDC90004A1FD9 /* InjectionKey.swift in Sources */ = {isa = PBXBuildFile; fileRef = FCFD87052B8CDC90004A1FD9 /* InjectionKey.swift */; };
		FCFD87082B8CDDEE004A1FD9 /* InjectedValue.swift in Sources */ = {isa = PBXBuildFile; fileRef = FCFD87072B8CDDEE004A1FD9 /* InjectedValue.swift */; };
		FCFD870A2B8CE163004A1FD9 /* Injected.swift in Sources */ = {isa = PBXBuildFile; fileRef = FCFD87092B8CE163004A1FD9 /* Injected.swift */; };
/* End PBXBuildFile section */

/* Begin PBXFileReference section */
		FC0B90302B8F7291004459B9 /* ViewModel.swift */ = {isa = PBXFileReference; lastKnownFileType = sourcecode.swift; path = ViewModel.swift; sourceTree = "<group>"; };
		FC0B90332B8F791D004459B9 /* MainScreenCoordinator.swift */ = {isa = PBXFileReference; lastKnownFileType = sourcecode.swift; path = MainScreenCoordinator.swift; sourceTree = "<group>"; };
		FC0B90352B8F7AA8004459B9 /* ViewModelKey.swift */ = {isa = PBXFileReference; lastKnownFileType = sourcecode.swift; path = ViewModelKey.swift; sourceTree = "<group>"; };
		FC0B90392B8F7FB2004459B9 /* PostViewController.swift */ = {isa = PBXFileReference; lastKnownFileType = sourcecode.swift; path = PostViewController.swift; sourceTree = "<group>"; };
		FC0B903C2B8FA5FC004459B9 /* TimeInterval.swift */ = {isa = PBXFileReference; lastKnownFileType = sourcecode.swift; path = TimeInterval.swift; sourceTree = "<group>"; };
		FC101F012B8E013000DCD1CF /* PostsListModel.swift */ = {isa = PBXFileReference; lastKnownFileType = sourcecode.swift; path = PostsListModel.swift; sourceTree = "<group>"; };
		FC101F042B8E02BD00DCD1CF /* PostViewCell.swift */ = {isa = PBXFileReference; lastKnownFileType = sourcecode.swift; path = PostViewCell.swift; sourceTree = "<group>"; };
		FC101F072B8E35D800DCD1CF /* NetworkError.swift */ = {isa = PBXFileReference; lastKnownFileType = sourcecode.swift; path = NetworkError.swift; sourceTree = "<group>"; };
		FC101F092B8E38BF00DCD1CF /* RequestMethod.swift */ = {isa = PBXFileReference; lastKnownFileType = sourcecode.swift; path = RequestMethod.swift; sourceTree = "<group>"; };
		FC101F0B2B8E3A0E00DCD1CF /* Endpoint.swift */ = {isa = PBXFileReference; lastKnownFileType = sourcecode.swift; path = Endpoint.swift; sourceTree = "<group>"; };
		FC101F0D2B8E3C5D00DCD1CF /* NetworkHTTPClient.swift */ = {isa = PBXFileReference; lastKnownFileType = sourcecode.swift; path = NetworkHTTPClient.swift; sourceTree = "<group>"; };
		FC101F0F2B8E475F00DCD1CF /* NetworkService.swift */ = {isa = PBXFileReference; lastKnownFileType = sourcecode.swift; path = NetworkService.swift; sourceTree = "<group>"; };
		FC101F132B8E4C3700DCD1CF /* NetworkServiceKey.swift */ = {isa = PBXFileReference; lastKnownFileType = sourcecode.swift; path = NetworkServiceKey.swift; sourceTree = "<group>"; };
		FCFB80C92B8C8B270061804A /* AppPostTestTask.app */ = {isa = PBXFileReference; explicitFileType = wrapper.application; includeInIndex = 0; path = AppPostTestTask.app; sourceTree = BUILT_PRODUCTS_DIR; };
		FCFB80CC2B8C8B270061804A /* AppDelegate.swift */ = {isa = PBXFileReference; lastKnownFileType = sourcecode.swift; path = AppDelegate.swift; sourceTree = "<group>"; };
		FCFB80CE2B8C8B270061804A /* SceneDelegate.swift */ = {isa = PBXFileReference; lastKnownFileType = sourcecode.swift; path = SceneDelegate.swift; sourceTree = "<group>"; };
		FCFB80D52B8C8B2A0061804A /* Assets.xcassets */ = {isa = PBXFileReference; lastKnownFileType = folder.assetcatalog; path = Assets.xcassets; sourceTree = "<group>"; };
		FCFB80D82B8C8B2A0061804A /* Base */ = {isa = PBXFileReference; lastKnownFileType = file.storyboard; name = Base; path = Base.lproj/LaunchScreen.storyboard; sourceTree = "<group>"; };
		FCFB80DA2B8C8B2A0061804A /* Info.plist */ = {isa = PBXFileReference; lastKnownFileType = text.plist.xml; path = Info.plist; sourceTree = "<group>"; };
		FCFB80E22B8C8D5E0061804A /* Coordinator.swift */ = {isa = PBXFileReference; lastKnownFileType = sourcecode.swift; path = Coordinator.swift; sourceTree = "<group>"; };
		FCFB80E52B8C95180061804A /* AppCoordinator.swift */ = {isa = PBXFileReference; lastKnownFileType = sourcecode.swift; path = AppCoordinator.swift; sourceTree = "<group>"; };
		FCFD87052B8CDC90004A1FD9 /* InjectionKey.swift */ = {isa = PBXFileReference; lastKnownFileType = sourcecode.swift; path = InjectionKey.swift; sourceTree = "<group>"; };
		FCFD87072B8CDDEE004A1FD9 /* InjectedValue.swift */ = {isa = PBXFileReference; lastKnownFileType = sourcecode.swift; path = InjectedValue.swift; sourceTree = "<group>"; };
		FCFD87092B8CE163004A1FD9 /* Injected.swift */ = {isa = PBXFileReference; lastKnownFileType = sourcecode.swift; path = Injected.swift; sourceTree = "<group>"; };
/* End PBXFileReference section */

/* Begin PBXFrameworksBuildPhase section */
		FCFB80C62B8C8B270061804A /* Frameworks */ = {
			isa = PBXFrameworksBuildPhase;
			buildActionMask = 2147483647;
			files = (
			);
			runOnlyForDeploymentPostprocessing = 0;
		};
/* End PBXFrameworksBuildPhase section */

/* Begin PBXGroup section */
		FC0B902F2B8F7214004459B9 /* ViewModel */ = {
			isa = PBXGroup;
			children = (
				FC0B90302B8F7291004459B9 /* ViewModel.swift */,
			);
			path = ViewModel;
			sourceTree = "<group>";
		};
		FC0B90322B8F7625004459B9 /* MainScreenCoordinator */ = {
			isa = PBXGroup;
			children = (
				FC0B90332B8F791D004459B9 /* MainScreenCoordinator.swift */,
			);
			path = MainScreenCoordinator;
			sourceTree = "<group>";
		};
		FC0B903B2B8FA5E1004459B9 /* Extension */ = {
			isa = PBXGroup;
			children = (
				FC0B903C2B8FA5FC004459B9 /* TimeInterval.swift */,
			);
			path = Extension;
			sourceTree = "<group>";
		};
		FC101F002B8E00C200DCD1CF /* Model */ = {
			isa = PBXGroup;
			children = (
				FC101F012B8E013000DCD1CF /* PostsListModel.swift */,
			);
			path = Model;
			sourceTree = "<group>";
		};
		FC101F032B8E029700DCD1CF /* View */ = {
			isa = PBXGroup;
			children = (
				FC101F042B8E02BD00DCD1CF /* PostViewCell.swift */,
				FC0B90392B8F7FB2004459B9 /* PostViewController.swift */,
			);
			path = View;
			sourceTree = "<group>";
		};
		FC101F062B8E35B100DCD1CF /* Network */ = {
			isa = PBXGroup;
			children = (
				FC101F072B8E35D800DCD1CF /* NetworkError.swift */,
				FC101F092B8E38BF00DCD1CF /* RequestMethod.swift */,
				FC101F0B2B8E3A0E00DCD1CF /* Endpoint.swift */,
				FC101F0D2B8E3C5D00DCD1CF /* NetworkHTTPClient.swift */,
				FC101F0F2B8E475F00DCD1CF /* NetworkService.swift */,
			);
			path = Network;
			sourceTree = "<group>";
		};
		FC101F112B8E4BAC00DCD1CF /* FeedScene */ = {
			isa = PBXGroup;
			children = (
				FC0B90322B8F7625004459B9 /* MainScreenCoordinator */,
				FC0B902F2B8F7214004459B9 /* ViewModel */,
				FC101F122B8E4C1D00DCD1CF /* DI */,
				FC101F002B8E00C200DCD1CF /* Model */,
				FC101F032B8E029700DCD1CF /* View */,
			);
			path = FeedScene;
			sourceTree = "<group>";
		};
		FC101F122B8E4C1D00DCD1CF /* DI */ = {
			isa = PBXGroup;
			children = (
				FC101F132B8E4C3700DCD1CF /* NetworkServiceKey.swift */,
				FC0B90352B8F7AA8004459B9 /* ViewModelKey.swift */,
			);
			path = DI;
			sourceTree = "<group>";
		};
		FCFB80C02B8C8B270061804A = {
			isa = PBXGroup;
			children = (
				FCFB80CB2B8C8B270061804A /* AppPostTestTask */,
				FCFB80CA2B8C8B270061804A /* Products */,
			);
			sourceTree = "<group>";
		};
		FCFB80CA2B8C8B270061804A /* Products */ = {
			isa = PBXGroup;
			children = (
				FCFB80C92B8C8B270061804A /* AppPostTestTask.app */,
			);
			name = Products;
			sourceTree = "<group>";
		};
		FCFB80CB2B8C8B270061804A /* AppPostTestTask */ = {
			isa = PBXGroup;
			children = (
				FC101F112B8E4BAC00DCD1CF /* FeedScene */,
				FC101F062B8E35B100DCD1CF /* Network */,
				FCFD87042B8CD81F004A1FD9 /* DI */,
				FCFB80E12B8C8D110061804A /* Coordinator */,
				FC0B903B2B8FA5E1004459B9 /* Extension */,
				FCFB80E42B8C94F40061804A /* Application */,
				FCFB80E02B8C8CDA0061804A /* Resources */,
			);
			path = AppPostTestTask;
			sourceTree = "<group>";
		};
		FCFB80E02B8C8CDA0061804A /* Resources */ = {
			isa = PBXGroup;
			children = (
				FCFB80DA2B8C8B2A0061804A /* Info.plist */,
				FCFB80D72B8C8B2A0061804A /* LaunchScreen.storyboard */,
				FCFB80D52B8C8B2A0061804A /* Assets.xcassets */,
			);
			path = Resources;
			sourceTree = "<group>";
		};
		FCFB80E12B8C8D110061804A /* Coordinator */ = {
			isa = PBXGroup;
			children = (
				FCFB80E22B8C8D5E0061804A /* Coordinator.swift */,
			);
			path = Coordinator;
			sourceTree = "<group>";
		};
		FCFB80E42B8C94F40061804A /* Application */ = {
			isa = PBXGroup;
			children = (
				FCFB80CC2B8C8B270061804A /* AppDelegate.swift */,
				FCFB80CE2B8C8B270061804A /* SceneDelegate.swift */,
				FCFB80E52B8C95180061804A /* AppCoordinator.swift */,
			);
			path = Application;
			sourceTree = "<group>";
		};
		FCFD87042B8CD81F004A1FD9 /* DI */ = {
			isa = PBXGroup;
			children = (
				FCFD87052B8CDC90004A1FD9 /* InjectionKey.swift */,
				FCFD87072B8CDDEE004A1FD9 /* InjectedValue.swift */,
				FCFD87092B8CE163004A1FD9 /* Injected.swift */,
			);
			path = DI;
			sourceTree = "<group>";
		};
/* End PBXGroup section */

/* Begin PBXNativeTarget section */
		FCFB80C82B8C8B270061804A /* AppPostTestTask */ = {
			isa = PBXNativeTarget;
			buildConfigurationList = FCFB80DD2B8C8B2A0061804A /* Build configuration list for PBXNativeTarget "AppPostTestTask" */;
			buildPhases = (
				FCFB80C52B8C8B270061804A /* Sources */,
				FCFB80C62B8C8B270061804A /* Frameworks */,
				FCFB80C72B8C8B270061804A /* Resources */,
			);
			buildRules = (
			);
			dependencies = (
			);
			name = AppPostTestTask;
			productName = AppPostTestTask;
			productReference = FCFB80C92B8C8B270061804A /* AppPostTestTask.app */;
			productType = "com.apple.product-type.application";
		};
/* End PBXNativeTarget section */

/* Begin PBXProject section */
		FCFB80C12B8C8B270061804A /* Project object */ = {
			isa = PBXProject;
			attributes = {
				BuildIndependentTargetsInParallel = 1;
				LastSwiftUpdateCheck = 1500;
				LastUpgradeCheck = 1500;
				TargetAttributes = {
					FCFB80C82B8C8B270061804A = {
						CreatedOnToolsVersion = 15.0.1;
					};
				};
			};
			buildConfigurationList = FCFB80C42B8C8B270061804A /* Build configuration list for PBXProject "AppPostTestTask" */;
			compatibilityVersion = "Xcode 14.0";
			developmentRegion = en;
			hasScannedForEncodings = 0;
			knownRegions = (
				en,
				Base,
			);
			mainGroup = FCFB80C02B8C8B270061804A;
			productRefGroup = FCFB80CA2B8C8B270061804A /* Products */;
			projectDirPath = "";
			projectRoot = "";
			targets = (
				FCFB80C82B8C8B270061804A /* AppPostTestTask */,
			);
		};
/* End PBXProject section */

/* Begin PBXResourcesBuildPhase section */
		FCFB80C72B8C8B270061804A /* Resources */ = {
			isa = PBXResourcesBuildPhase;
			buildActionMask = 2147483647;
			files = (
				FCFB80D92B8C8B2A0061804A /* LaunchScreen.storyboard in Resources */,
				FCFB80D62B8C8B2A0061804A /* Assets.xcassets in Resources */,
			);
			runOnlyForDeploymentPostprocessing = 0;
		};
/* End PBXResourcesBuildPhase section */

/* Begin PBXSourcesBuildPhase section */
		FCFB80C52B8C8B270061804A /* Sources */ = {
			isa = PBXSourcesBuildPhase;
			buildActionMask = 2147483647;
			files = (
				FC101F022B8E013000DCD1CF /* PostsListModel.swift in Sources */,
				FC0B903D2B8FA5FC004459B9 /* TimeInterval.swift in Sources */,
				FCFB80E32B8C8D5E0061804A /* Coordinator.swift in Sources */,
				FCFD87082B8CDDEE004A1FD9 /* InjectedValue.swift in Sources */,
				FC101F0C2B8E3A0E00DCD1CF /* Endpoint.swift in Sources */,
				FC0B903A2B8F7FB2004459B9 /* PostViewController.swift in Sources */,
				FCFD87062B8CDC90004A1FD9 /* InjectionKey.swift in Sources */,
				FC101F0A2B8E38BF00DCD1CF /* RequestMethod.swift in Sources */,
				FC0B90312B8F7291004459B9 /* ViewModel.swift in Sources */,
				FC101F142B8E4C3700DCD1CF /* NetworkServiceKey.swift in Sources */,
				FC101F0E2B8E3C5D00DCD1CF /* NetworkHTTPClient.swift in Sources */,
				FC101F052B8E02BD00DCD1CF /* PostViewCell.swift in Sources */,
				FC0B90362B8F7AA8004459B9 /* ViewModelKey.swift in Sources */,
				FCFB80E62B8C95180061804A /* AppCoordinator.swift in Sources */,
				FC101F102B8E475F00DCD1CF /* NetworkService.swift in Sources */,
				FCFB80CD2B8C8B270061804A /* AppDelegate.swift in Sources */,
				FCFB80CF2B8C8B270061804A /* SceneDelegate.swift in Sources */,
				FC0B90342B8F791D004459B9 /* MainScreenCoordinator.swift in Sources */,
				FC101F082B8E35D800DCD1CF /* NetworkError.swift in Sources */,
				FCFD870A2B8CE163004A1FD9 /* Injected.swift in Sources */,
			);
			runOnlyForDeploymentPostprocessing = 0;
		};
/* End PBXSourcesBuildPhase section */

/* Begin PBXVariantGroup section */
		FCFB80D72B8C8B2A0061804A /* LaunchScreen.storyboard */ = {
			isa = PBXVariantGroup;
			children = (
				FCFB80D82B8C8B2A0061804A /* Base */,
			);
			name = LaunchScreen.storyboard;
			sourceTree = "<group>";
		};
/* End PBXVariantGroup section */

/* Begin XCBuildConfiguration section */
		FCFB80DB2B8C8B2A0061804A /* Debug */ = {
			isa = XCBuildConfiguration;
			buildSettings = {
				ALWAYS_SEARCH_USER_PATHS = NO;
				ASSETCATALOG_COMPILER_GENERATE_SWIFT_ASSET_SYMBOL_EXTENSIONS = YES;
				CLANG_ANALYZER_NONNULL = YES;
				CLANG_ANALYZER_NUMBER_OBJECT_CONVERSION = YES_AGGRESSIVE;
				CLANG_CXX_LANGUAGE_STANDARD = "gnu++20";
				CLANG_ENABLE_MODULES = YES;
				CLANG_ENABLE_OBJC_ARC = YES;
				CLANG_ENABLE_OBJC_WEAK = YES;
				CLANG_WARN_BLOCK_CAPTURE_AUTORELEASING = YES;
				CLANG_WARN_BOOL_CONVERSION = YES;
				CLANG_WARN_COMMA = YES;
				CLANG_WARN_CONSTANT_CONVERSION = YES;
				CLANG_WARN_DEPRECATED_OBJC_IMPLEMENTATIONS = YES;
				CLANG_WARN_DIRECT_OBJC_ISA_USAGE = YES_ERROR;
				CLANG_WARN_DOCUMENTATION_COMMENTS = YES;
				CLANG_WARN_EMPTY_BODY = YES;
				CLANG_WARN_ENUM_CONVERSION = YES;
				CLANG_WARN_INFINITE_RECURSION = YES;
				CLANG_WARN_INT_CONVERSION = YES;
				CLANG_WARN_NON_LITERAL_NULL_CONVERSION = YES;
				CLANG_WARN_OBJC_IMPLICIT_RETAIN_SELF = YES;
				CLANG_WARN_OBJC_LITERAL_CONVERSION = YES;
				CLANG_WARN_OBJC_ROOT_CLASS = YES_ERROR;
				CLANG_WARN_QUOTED_INCLUDE_IN_FRAMEWORK_HEADER = YES;
				CLANG_WARN_RANGE_LOOP_ANALYSIS = YES;
				CLANG_WARN_STRICT_PROTOTYPES = YES;
				CLANG_WARN_SUSPICIOUS_MOVE = YES;
				CLANG_WARN_UNGUARDED_AVAILABILITY = YES_AGGRESSIVE;
				CLANG_WARN_UNREACHABLE_CODE = YES;
				CLANG_WARN__DUPLICATE_METHOD_MATCH = YES;
				COPY_PHASE_STRIP = NO;
				DEBUG_INFORMATION_FORMAT = dwarf;
				ENABLE_STRICT_OBJC_MSGSEND = YES;
				ENABLE_TESTABILITY = YES;
				ENABLE_USER_SCRIPT_SANDBOXING = YES;
				GCC_C_LANGUAGE_STANDARD = gnu17;
				GCC_DYNAMIC_NO_PIC = NO;
				GCC_NO_COMMON_BLOCKS = YES;
				GCC_OPTIMIZATION_LEVEL = 0;
				GCC_PREPROCESSOR_DEFINITIONS = (
					"DEBUG=1",
					"$(inherited)",
				);
				GCC_WARN_64_TO_32_BIT_CONVERSION = YES;
				GCC_WARN_ABOUT_RETURN_TYPE = YES_ERROR;
				GCC_WARN_UNDECLARED_SELECTOR = YES;
				GCC_WARN_UNINITIALIZED_AUTOS = YES_AGGRESSIVE;
				GCC_WARN_UNUSED_FUNCTION = YES;
				GCC_WARN_UNUSED_VARIABLE = YES;
				IPHONEOS_DEPLOYMENT_TARGET = 17.0;
				LOCALIZATION_PREFERS_STRING_CATALOGS = YES;
				MTL_ENABLE_DEBUG_INFO = INCLUDE_SOURCE;
				MTL_FAST_MATH = YES;
				ONLY_ACTIVE_ARCH = YES;
				SDKROOT = iphoneos;
				SWIFT_ACTIVE_COMPILATION_CONDITIONS = "DEBUG $(inherited)";
				SWIFT_OPTIMIZATION_LEVEL = "-Onone";
			};
			name = Debug;
		};
		FCFB80DC2B8C8B2A0061804A /* Release */ = {
			isa = XCBuildConfiguration;
			buildSettings = {
				ALWAYS_SEARCH_USER_PATHS = NO;
				ASSETCATALOG_COMPILER_GENERATE_SWIFT_ASSET_SYMBOL_EXTENSIONS = YES;
				CLANG_ANALYZER_NONNULL = YES;
				CLANG_ANALYZER_NUMBER_OBJECT_CONVERSION = YES_AGGRESSIVE;
				CLANG_CXX_LANGUAGE_STANDARD = "gnu++20";
				CLANG_ENABLE_MODULES = YES;
				CLANG_ENABLE_OBJC_ARC = YES;
				CLANG_ENABLE_OBJC_WEAK = YES;
				CLANG_WARN_BLOCK_CAPTURE_AUTORELEASING = YES;
				CLANG_WARN_BOOL_CONVERSION = YES;
				CLANG_WARN_COMMA = YES;
				CLANG_WARN_CONSTANT_CONVERSION = YES;
				CLANG_WARN_DEPRECATED_OBJC_IMPLEMENTATIONS = YES;
				CLANG_WARN_DIRECT_OBJC_ISA_USAGE = YES_ERROR;
				CLANG_WARN_DOCUMENTATION_COMMENTS = YES;
				CLANG_WARN_EMPTY_BODY = YES;
				CLANG_WARN_ENUM_CONVERSION = YES;
				CLANG_WARN_INFINITE_RECURSION = YES;
				CLANG_WARN_INT_CONVERSION = YES;
				CLANG_WARN_NON_LITERAL_NULL_CONVERSION = YES;
				CLANG_WARN_OBJC_IMPLICIT_RETAIN_SELF = YES;
				CLANG_WARN_OBJC_LITERAL_CONVERSION = YES;
				CLANG_WARN_OBJC_ROOT_CLASS = YES_ERROR;
				CLANG_WARN_QUOTED_INCLUDE_IN_FRAMEWORK_HEADER = YES;
				CLANG_WARN_RANGE_LOOP_ANALYSIS = YES;
				CLANG_WARN_STRICT_PROTOTYPES = YES;
				CLANG_WARN_SUSPICIOUS_MOVE = YES;
				CLANG_WARN_UNGUARDED_AVAILABILITY = YES_AGGRESSIVE;
				CLANG_WARN_UNREACHABLE_CODE = YES;
				CLANG_WARN__DUPLICATE_METHOD_MATCH = YES;
				COPY_PHASE_STRIP = NO;
				DEBUG_INFORMATION_FORMAT = "dwarf-with-dsym";
				ENABLE_NS_ASSERTIONS = NO;
				ENABLE_STRICT_OBJC_MSGSEND = YES;
				ENABLE_USER_SCRIPT_SANDBOXING = YES;
				GCC_C_LANGUAGE_STANDARD = gnu17;
				GCC_NO_COMMON_BLOCKS = YES;
				GCC_WARN_64_TO_32_BIT_CONVERSION = YES;
				GCC_WARN_ABOUT_RETURN_TYPE = YES_ERROR;
				GCC_WARN_UNDECLARED_SELECTOR = YES;
				GCC_WARN_UNINITIALIZED_AUTOS = YES_AGGRESSIVE;
				GCC_WARN_UNUSED_FUNCTION = YES;
				GCC_WARN_UNUSED_VARIABLE = YES;
				IPHONEOS_DEPLOYMENT_TARGET = 17.0;
				LOCALIZATION_PREFERS_STRING_CATALOGS = YES;
				MTL_ENABLE_DEBUG_INFO = NO;
				MTL_FAST_MATH = YES;
				SDKROOT = iphoneos;
				SWIFT_COMPILATION_MODE = wholemodule;
				VALIDATE_PRODUCT = YES;
			};
			name = Release;
		};
		FCFB80DE2B8C8B2A0061804A /* Debug */ = {
			isa = XCBuildConfiguration;
			buildSettings = {
				ASSETCATALOG_COMPILER_APPICON_NAME = AppIcon;
				ASSETCATALOG_COMPILER_GLOBAL_ACCENT_COLOR_NAME = AccentColor;
				CODE_SIGN_STYLE = Automatic;
				CURRENT_PROJECT_VERSION = 1;
				DEVELOPMENT_TEAM = UYW8HNCU5F;
				GENERATE_INFOPLIST_FILE = YES;
				INFOPLIST_FILE = AppPostTestTask/Info.plist;
				INFOPLIST_KEY_UIApplicationSupportsIndirectInputEvents = YES;
				INFOPLIST_KEY_UILaunchStoryboardName = LaunchScreen;
				INFOPLIST_KEY_UISupportedInterfaceOrientations_iPad = "UIInterfaceOrientationPortrait UIInterfaceOrientationPortraitUpsideDown UIInterfaceOrientationLandscapeLeft UIInterfaceOrientationLandscapeRight";
				INFOPLIST_KEY_UISupportedInterfaceOrientations_iPhone = "UIInterfaceOrientationPortrait UIInterfaceOrientationLandscapeLeft UIInterfaceOrientationLandscapeRight";
				LD_RUNPATH_SEARCH_PATHS = (
					"$(inherited)",
					"@executable_path/Frameworks",
				);
				MARKETING_VERSION = 1.0;
				PRODUCT_BUNDLE_IDENTIFIER = me.vakhtang.Currency.AppPostTestTask;
				PRODUCT_NAME = "$(TARGET_NAME)";
				SWIFT_EMIT_LOC_STRINGS = YES;
				SWIFT_VERSION = 5.0;
				TARGETED_DEVICE_FAMILY = "1,2";
			};
			name = Debug;
		};
		FCFB80DF2B8C8B2A0061804A /* Release */ = {
			isa = XCBuildConfiguration;
			buildSettings = {
				ASSETCATALOG_COMPILER_APPICON_NAME = AppIcon;
				ASSETCATALOG_COMPILER_GLOBAL_ACCENT_COLOR_NAME = AccentColor;
				CODE_SIGN_STYLE = Automatic;
				CURRENT_PROJECT_VERSION = 1;
				DEVELOPMENT_TEAM = UYW8HNCU5F;
				GENERATE_INFOPLIST_FILE = YES;
				INFOPLIST_FILE = AppPostTestTask/Info.plist;
				INFOPLIST_KEY_UIApplicationSupportsIndirectInputEvents = YES;
				INFOPLIST_KEY_UILaunchStoryboardName = LaunchScreen;
				INFOPLIST_KEY_UISupportedInterfaceOrientations_iPad = "UIInterfaceOrientationPortrait UIInterfaceOrientationPortraitUpsideDown UIInterfaceOrientationLandscapeLeft UIInterfaceOrientationLandscapeRight";
				INFOPLIST_KEY_UISupportedInterfaceOrientations_iPhone = "UIInterfaceOrientationPortrait UIInterfaceOrientationLandscapeLeft UIInterfaceOrientationLandscapeRight";
				LD_RUNPATH_SEARCH_PATHS = (
					"$(inherited)",
					"@executable_path/Frameworks",
				);
				MARKETING_VERSION = 1.0;
				PRODUCT_BUNDLE_IDENTIFIER = me.vakhtang.Currency.AppPostTestTask;
				PRODUCT_NAME = "$(TARGET_NAME)";
				SWIFT_EMIT_LOC_STRINGS = YES;
				SWIFT_VERSION = 5.0;
				TARGETED_DEVICE_FAMILY = "1,2";
			};
			name = Release;
		};
/* End XCBuildConfiguration section */

/* Begin XCConfigurationList section */
		FCFB80C42B8C8B270061804A /* Build configuration list for PBXProject "AppPostTestTask" */ = {
			isa = XCConfigurationList;
			buildConfigurations = (
				FCFB80DB2B8C8B2A0061804A /* Debug */,
				FCFB80DC2B8C8B2A0061804A /* Release */,
			);
			defaultConfigurationIsVisible = 0;
			defaultConfigurationName = Release;
		};
		FCFB80DD2B8C8B2A0061804A /* Build configuration list for PBXNativeTarget "AppPostTestTask" */ = {
			isa = XCConfigurationList;
			buildConfigurations = (
				FCFB80DE2B8C8B2A0061804A /* Debug */,
				FCFB80DF2B8C8B2A0061804A /* Release */,
			);
			defaultConfigurationIsVisible = 0;
			defaultConfigurationName = Release;
		};
/* End XCConfigurationList section */
	};
	rootObject = FCFB80C12B8C8B270061804A /* Project object */;
}
